// !$*UTF8*$!
{
	archiveVersion = 1;
	classes = {
	};
	objectVersion = 48;
	objects = {

/* Begin PBXBuildFile section */
		ACAD69AD8776526677C49EF5 /* Pods_AutoLayoutCell.framework in Frameworks */ = {isa = PBXBuildFile; fileRef = 3CE9E4761A0F9E3E918373D9 /* Pods_AutoLayoutCell.framework */; };
		DE41B84F20032EFF008F96C2 /* FDTemplateViewController.m in Sources */ = {isa = PBXBuildFile; fileRef = DE41B84E20032EFF008F96C2 /* FDTemplateViewController.m */; };
		DE41B852200330C3008F96C2 /* SystemLayoutSizeFittingViewController.m in Sources */ = {isa = PBXBuildFile; fileRef = DE41B851200330C3008F96C2 /* SystemLayoutSizeFittingViewController.m */; };
		DE41B8592003350F008F96C2 /* UITableView+CellHeightCache.m in Sources */ = {isa = PBXBuildFile; fileRef = DE41B8582003350F008F96C2 /* UITableView+CellHeightCache.m */; };
		DE41B85C2003666E008F96C2 /* UITableView+AutoLayoutCell.m in Sources */ = {isa = PBXBuildFile; fileRef = DE41B85B2003666E008F96C2 /* UITableView+AutoLayoutCell.m */; };
		DED9AE831FFE069200E890EC /* AppDelegate.m in Sources */ = {isa = PBXBuildFile; fileRef = DED9AE821FFE069200E890EC /* AppDelegate.m */; };
		DED9AE861FFE069200E890EC /* ViewController.m in Sources */ = {isa = PBXBuildFile; fileRef = DED9AE851FFE069200E890EC /* ViewController.m */; };
		DED9AE891FFE069200E890EC /* Main.storyboard in Resources */ = {isa = PBXBuildFile; fileRef = DED9AE871FFE069200E890EC /* Main.storyboard */; };
		DED9AE8B1FFE069200E890EC /* Assets.xcassets in Resources */ = {isa = PBXBuildFile; fileRef = DED9AE8A1FFE069200E890EC /* Assets.xcassets */; };
		DED9AE8E1FFE069200E890EC /* LaunchScreen.storyboard in Resources */ = {isa = PBXBuildFile; fileRef = DED9AE8C1FFE069200E890EC /* LaunchScreen.storyboard */; };
		DED9AE911FFE069200E890EC /* main.m in Sources */ = {isa = PBXBuildFile; fileRef = DED9AE901FFE069200E890EC /* main.m */; };
		DED9AEA11FFE090400E890EC /* TestCell.xib in Resources */ = {isa = PBXBuildFile; fileRef = DED9AE9F1FFE090300E890EC /* TestCell.xib */; };
		DED9AEA21FFE090400E890EC /* TestCell.m in Sources */ = {isa = PBXBuildFile; fileRef = DED9AEA01FFE090300E890EC /* TestCell.m */; };
/* End PBXBuildFile section */

/* Begin PBXFileReference section */
		3CE9E4761A0F9E3E918373D9 /* Pods_AutoLayoutCell.framework */ = {isa = PBXFileReference; explicitFileType = wrapper.framework; includeInIndex = 0; path = Pods_AutoLayoutCell.framework; sourceTree = BUILT_PRODUCTS_DIR; };
		71B775ECAD515E20869BCF22 /* Pods-AutoLayoutCell.debug.xcconfig */ = {isa = PBXFileReference; includeInIndex = 1; lastKnownFileType = text.xcconfig; name = "Pods-AutoLayoutCell.debug.xcconfig"; path = "Pods/Target Support Files/Pods-AutoLayoutCell/Pods-AutoLayoutCell.debug.xcconfig"; sourceTree = "<group>"; };
		90537BF3652965FB7F1C3BF0 /* Pods-AutoLayoutCell.release.xcconfig */ = {isa = PBXFileReference; includeInIndex = 1; lastKnownFileType = text.xcconfig; name = "Pods-AutoLayoutCell.release.xcconfig"; path = "Pods/Target Support Files/Pods-AutoLayoutCell/Pods-AutoLayoutCell.release.xcconfig"; sourceTree = "<group>"; };
		DE41B84D20032EFF008F96C2 /* FDTemplateViewController.h */ = {isa = PBXFileReference; lastKnownFileType = sourcecode.c.h; path = FDTemplateViewController.h; sourceTree = "<group>"; };
		DE41B84E20032EFF008F96C2 /* FDTemplateViewController.m */ = {isa = PBXFileReference; lastKnownFileType = sourcecode.c.objc; path = FDTemplateViewController.m; sourceTree = "<group>"; };
		DE41B850200330C3008F96C2 /* SystemLayoutSizeFittingViewController.h */ = {isa = PBXFileReference; lastKnownFileType = sourcecode.c.h; path = SystemLayoutSizeFittingViewController.h; sourceTree = "<group>"; };
		DE41B851200330C3008F96C2 /* SystemLayoutSizeFittingViewController.m */ = {isa = PBXFileReference; lastKnownFileType = sourcecode.c.objc; path = SystemLayoutSizeFittingViewController.m; sourceTree = "<group>"; };
		DE41B8572003350F008F96C2 /* UITableView+CellHeightCache.h */ = {isa = PBXFileReference; lastKnownFileType = sourcecode.c.h; path = "UITableView+CellHeightCache.h"; sourceTree = "<group>"; };
		DE41B8582003350F008F96C2 /* UITableView+CellHeightCache.m */ = {isa = PBXFileReference; lastKnownFileType = sourcecode.c.objc; path = "UITableView+CellHeightCache.m"; sourceTree = "<group>"; };
		DE41B85A2003666E008F96C2 /* UITableView+AutoLayoutCell.h */ = {isa = PBXFileReference; lastKnownFileType = sourcecode.c.h; path = "UITableView+AutoLayoutCell.h"; sourceTree = "<group>"; };
		DE41B85B2003666E008F96C2 /* UITableView+AutoLayoutCell.m */ = {isa = PBXFileReference; lastKnownFileType = sourcecode.c.objc; path = "UITableView+AutoLayoutCell.m"; sourceTree = "<group>"; };
		DED9AE7E1FFE069200E890EC /* AutoLayoutCell.app */ = {isa = PBXFileReference; explicitFileType = wrapper.application; includeInIndex = 0; path = AutoLayoutCell.app; sourceTree = BUILT_PRODUCTS_DIR; };
		DED9AE811FFE069200E890EC /* AppDelegate.h */ = {isa = PBXFileReference; lastKnownFileType = sourcecode.c.h; path = AppDelegate.h; sourceTree = "<group>"; };
		DED9AE821FFE069200E890EC /* AppDelegate.m */ = {isa = PBXFileReference; lastKnownFileType = sourcecode.c.objc; path = AppDelegate.m; sourceTree = "<group>"; };
		DED9AE841FFE069200E890EC /* ViewController.h */ = {isa = PBXFileReference; lastKnownFileType = sourcecode.c.h; path = ViewController.h; sourceTree = "<group>"; };
		DED9AE851FFE069200E890EC /* ViewController.m */ = {isa = PBXFileReference; lastKnownFileType = sourcecode.c.objc; path = ViewController.m; sourceTree = "<group>"; };
		DED9AE881FFE069200E890EC /* Base */ = {isa = PBXFileReference; lastKnownFileType = file.storyboard; name = Base; path = Base.lproj/Main.storyboard; sourceTree = "<group>"; };
		DED9AE8A1FFE069200E890EC /* Assets.xcassets */ = {isa = PBXFileReference; lastKnownFileType = folder.assetcatalog; path = Assets.xcassets; sourceTree = "<group>"; };
		DED9AE8D1FFE069200E890EC /* Base */ = {isa = PBXFileReference; lastKnownFileType = file.storyboard; name = Base; path = Base.lproj/LaunchScreen.storyboard; sourceTree = "<group>"; };
		DED9AE8F1FFE069200E890EC /* Info.plist */ = {isa = PBXFileReference; lastKnownFileType = text.plist.xml; path = Info.plist; sourceTree = "<group>"; };
		DED9AE901FFE069200E890EC /* main.m */ = {isa = PBXFileReference; lastKnownFileType = sourcecode.c.objc; path = main.m; sourceTree = "<group>"; };
		DED9AE9E1FFE090300E890EC /* TestCell.h */ = {isa = PBXFileReference; fileEncoding = 4; lastKnownFileType = sourcecode.c.h; path = TestCell.h; sourceTree = "<group>"; };
		DED9AE9F1FFE090300E890EC /* TestCell.xib */ = {isa = PBXFileReference; fileEncoding = 4; lastKnownFileType = file.xib; path = TestCell.xib; sourceTree = "<group>"; };
		DED9AEA01FFE090300E890EC /* TestCell.m */ = {isa = PBXFileReference; fileEncoding = 4; lastKnownFileType = sourcecode.c.objc; path = TestCell.m; sourceTree = "<group>"; };
/* End PBXFileReference section */

/* Begin PBXFrameworksBuildPhase section */
		DED9AE7B1FFE069200E890EC /* Frameworks */ = {
			isa = PBXFrameworksBuildPhase;
			buildActionMask = 2147483647;
			files = (
				ACAD69AD8776526677C49EF5 /* Pods_AutoLayoutCell.framework in Frameworks */,
			);
			runOnlyForDeploymentPostprocessing = 0;
		};
/* End PBXFrameworksBuildPhase section */

/* Begin PBXGroup section */
		5CC752C28E5703C9BAEDA205 /* Pods */ = {
			isa = PBXGroup;
			children = (
				71B775ECAD515E20869BCF22 /* Pods-AutoLayoutCell.debug.xcconfig */,
				90537BF3652965FB7F1C3BF0 /* Pods-AutoLayoutCell.release.xcconfig */,
			);
			name = Pods;
			sourceTree = "<group>";
		};
		A3E4F44CA31E54FAF2620179 /* Frameworks */ = {
			isa = PBXGroup;
			children = (
				3CE9E4761A0F9E3E918373D9 /* Pods_AutoLayoutCell.framework */,
			);
			name = Frameworks;
			sourceTree = "<group>";
		};
		DE41B84C20032EED008F96C2 /* ViewController */ = {
			isa = PBXGroup;
			children = (
				DE41B84D20032EFF008F96C2 /* FDTemplateViewController.h */,
				DE41B84E20032EFF008F96C2 /* FDTemplateViewController.m */,
				DE41B850200330C3008F96C2 /* SystemLayoutSizeFittingViewController.h */,
				DE41B851200330C3008F96C2 /* SystemLayoutSizeFittingViewController.m */,
			);
			path = ViewController;
			sourceTree = "<group>";
		};
		DE41B853200332D5008F96C2 /* DDCellHeightCache */ = {
			isa = PBXGroup;
			children = (
				DE41B8572003350F008F96C2 /* UITableView+CellHeightCache.h */,
				DE41B8582003350F008F96C2 /* UITableView+CellHeightCache.m */,
				DE41B85A2003666E008F96C2 /* UITableView+AutoLayoutCell.h */,
				DE41B85B2003666E008F96C2 /* UITableView+AutoLayoutCell.m */,
			);
			path = DDCellHeightCache;
			sourceTree = "<group>";
		};
		DED9AE751FFE069200E890EC = {
			isa = PBXGroup;
			children = (
				DED9AE801FFE069200E890EC /* AutoLayoutCell */,
				DED9AE7F1FFE069200E890EC /* Products */,
				5CC752C28E5703C9BAEDA205 /* Pods */,
				A3E4F44CA31E54FAF2620179 /* Frameworks */,
			);
			sourceTree = "<group>";
		};
		DED9AE7F1FFE069200E890EC /* Products */ = {
			isa = PBXGroup;
			children = (
				DED9AE7E1FFE069200E890EC /* AutoLayoutCell.app */,
			);
			name = Products;
			sourceTree = "<group>";
		};
		DED9AE801FFE069200E890EC /* AutoLayoutCell */ = {
			isa = PBXGroup;
			children = (
				DE41B853200332D5008F96C2 /* DDCellHeightCache */,
				DE41B84C20032EED008F96C2 /* ViewController */,
				DED9AE9D1FFE090300E890EC /* Cell */,
				DED9AE811FFE069200E890EC /* AppDelegate.h */,
				DED9AE821FFE069200E890EC /* AppDelegate.m */,
				DED9AE841FFE069200E890EC /* ViewController.h */,
				DED9AE851FFE069200E890EC /* ViewController.m */,
				DED9AE871FFE069200E890EC /* Main.storyboard */,
				DED9AE8A1FFE069200E890EC /* Assets.xcassets */,
				DED9AE8C1FFE069200E890EC /* LaunchScreen.storyboard */,
				DED9AE8F1FFE069200E890EC /* Info.plist */,
				DED9AE901FFE069200E890EC /* main.m */,
			);
			path = AutoLayoutCell;
			sourceTree = "<group>";
		};
		DED9AE9D1FFE090300E890EC /* Cell */ = {
			isa = PBXGroup;
			children = (
				DED9AE9E1FFE090300E890EC /* TestCell.h */,
				DED9AEA01FFE090300E890EC /* TestCell.m */,
				DED9AE9F1FFE090300E890EC /* TestCell.xib */,
			);
			path = Cell;
			sourceTree = "<group>";
		};
/* End PBXGroup section */

/* Begin PBXNativeTarget section */
		DED9AE7D1FFE069200E890EC /* AutoLayoutCell */ = {
			isa = PBXNativeTarget;
			buildConfigurationList = DED9AE941FFE069200E890EC /* Build configuration list for PBXNativeTarget "AutoLayoutCell" */;
			buildPhases = (
				61F18DA4BA7D564DE8137BAE /* [CP] Check Pods Manifest.lock */,
				DED9AE7A1FFE069200E890EC /* Sources */,
				DED9AE7B1FFE069200E890EC /* Frameworks */,
				DED9AE7C1FFE069200E890EC /* Resources */,
				F77DC624CB71B7C0AC18F3B9 /* [CP] Embed Pods Frameworks */,
				81051274F2A55B01D598DB4C /* [CP] Copy Pods Resources */,
			);
			buildRules = (
			);
			dependencies = (
			);
			name = AutoLayoutCell;
			productName = AutoLayoutCell;
			productReference = DED9AE7E1FFE069200E890EC /* AutoLayoutCell.app */;
			productType = "com.apple.product-type.application";
		};
/* End PBXNativeTarget section */

/* Begin PBXProject section */
		DED9AE761FFE069200E890EC /* Project object */ = {
			isa = PBXProject;
			attributes = {
				LastUpgradeCheck = 0920;
				ORGANIZATIONNAME = Destiny;
				TargetAttributes = {
					DED9AE7D1FFE069200E890EC = {
						CreatedOnToolsVersion = 9.2;
						ProvisioningStyle = Automatic;
					};
				};
			};
			buildConfigurationList = DED9AE791FFE069200E890EC /* Build configuration list for PBXProject "AutoLayoutCell" */;
			compatibilityVersion = "Xcode 8.0";
			developmentRegion = en;
			hasScannedForEncodings = 0;
			knownRegions = (
				en,
				Base,
			);
			mainGroup = DED9AE751FFE069200E890EC;
			productRefGroup = DED9AE7F1FFE069200E890EC /* Products */;
			projectDirPath = "";
			projectRoot = "";
			targets = (
				DED9AE7D1FFE069200E890EC /* AutoLayoutCell */,
			);
		};
/* End PBXProject section */

/* Begin PBXResourcesBuildPhase section */
		DED9AE7C1FFE069200E890EC /* Resources */ = {
			isa = PBXResourcesBuildPhase;
			buildActionMask = 2147483647;
			files = (
				DED9AE8E1FFE069200E890EC /* LaunchScreen.storyboard in Resources */,
				DED9AEA11FFE090400E890EC /* TestCell.xib in Resources */,
				DED9AE8B1FFE069200E890EC /* Assets.xcassets in Resources */,
				DED9AE891FFE069200E890EC /* Main.storyboard in Resources */,
			);
			runOnlyForDeploymentPostprocessing = 0;
		};
/* End PBXResourcesBuildPhase section */

/* Begin PBXShellScriptBuildPhase section */
		61F18DA4BA7D564DE8137BAE /* [CP] Check Pods Manifest.lock */ = {
			isa = PBXShellScriptBuildPhase;
			buildActionMask = 2147483647;
			files = (
			);
			inputPaths = (
				"${PODS_PODFILE_DIR_PATH}/Podfile.lock",
				"${PODS_ROOT}/Manifest.lock",
			);
			name = "[CP] Check Pods Manifest.lock";
			outputPaths = (
				"$(DERIVED_FILE_DIR)/Pods-AutoLayoutCell-checkManifestLockResult.txt",
			);
			runOnlyForDeploymentPostprocessing = 0;
			shellPath = /bin/sh;
			shellScript = "diff \"${PODS_PODFILE_DIR_PATH}/Podfile.lock\" \"${PODS_ROOT}/Manifest.lock\" > /dev/null\nif [ $? != 0 ] ; then\n    # print error to STDERR\n    echo \"error: The sandbox is not in sync with the Podfile.lock. Run 'pod install' or update your CocoaPods installation.\" >&2\n    exit 1\nfi\n# This output is used by Xcode 'outputs' to avoid re-running this script phase.\necho \"SUCCESS\" > \"${SCRIPT_OUTPUT_FILE_0}\"\n";
			showEnvVarsInLog = 0;
		};
		81051274F2A55B01D598DB4C /* [CP] Copy Pods Resources */ = {
			isa = PBXShellScriptBuildPhase;
			buildActionMask = 2147483647;
			files = (
			);
			inputPaths = (
			);
			name = "[CP] Copy Pods Resources";
			outputPaths = (
			);
			runOnlyForDeploymentPostprocessing = 0;
			shellPath = /bin/sh;
			shellScript = "\"${SRCROOT}/Pods/Target Support Files/Pods-AutoLayoutCell/Pods-AutoLayoutCell-resources.sh\"\n";
			showEnvVarsInLog = 0;
		};
		F77DC624CB71B7C0AC18F3B9 /* [CP] Embed Pods Frameworks */ = {
			isa = PBXShellScriptBuildPhase;
			buildActionMask = 2147483647;
			files = (
			);
			inputPaths = (
				"${SRCROOT}/Pods/Target Support Files/Pods-AutoLayoutCell/Pods-AutoLayoutCell-frameworks.sh",
				"${BUILT_PRODUCTS_DIR}/UITableView+FDTemplateLayoutCell/UITableView_FDTemplateLayoutCell.framework",
			);
			name = "[CP] Embed Pods Frameworks";
			outputPaths = (
				"${TARGET_BUILD_DIR}/${FRAMEWORKS_FOLDER_PATH}/UITableView_FDTemplateLayoutCell.framework",
			);
			runOnlyForDeploymentPostprocessing = 0;
			shellPath = /bin/sh;
			shellScript = "\"${SRCROOT}/Pods/Target Support Files/Pods-AutoLayoutCell/Pods-AutoLayoutCell-frameworks.sh\"\n";
			showEnvVarsInLog = 0;
		};
/* End PBXShellScriptBuildPhase section */

/* Begin PBXSourcesBuildPhase section */
		DED9AE7A1FFE069200E890EC /* Sources */ = {
			isa = PBXSourcesBuildPhase;
			buildActionMask = 2147483647;
			files = (
				DED9AE861FFE069200E890EC /* ViewController.m in Sources */,
				DED9AEA21FFE090400E890EC /* TestCell.m in Sources */,
				DE41B85C2003666E008F96C2 /* UITableView+AutoLayoutCell.m in Sources */,
				DE41B852200330C3008F96C2 /* SystemLayoutSizeFittingViewController.m in Sources */,
				DE41B8592003350F008F96C2 /* UITableView+CellHeightCache.m in Sources */,
				DE41B84F20032EFF008F96C2 /* FDTemplateViewController.m in Sources */,
				DED9AE911FFE069200E890EC /* main.m in Sources */,
				DED9AE831FFE069200E890EC /* AppDelegate.m in Sources */,
			);
			runOnlyForDeploymentPostprocessing = 0;
		};
/* End PBXSourcesBuildPhase section */

/* Begin PBXVariantGroup section */
		DED9AE871FFE069200E890EC /* Main.storyboard */ = {
			isa = PBXVariantGroup;
			children = (
				DED9AE881FFE069200E890EC /* Base */,
			);
			name = Main.storyboard;
			sourceTree = "<group>";
		};
		DED9AE8C1FFE069200E890EC /* LaunchScreen.storyboard */ = {
			isa = PBXVariantGroup;
			children = (
				DED9AE8D1FFE069200E890EC /* Base */,
			);
			name = LaunchScreen.storyboard;
			sourceTree = "<group>";
		};
/* End PBXVariantGroup section */

/* Begin XCBuildConfiguration section */
		DED9AE921FFE069200E890EC /* Debug */ = {
			isa = XCBuildConfiguration;
			buildSettings = {
				ALWAYS_SEARCH_USER_PATHS = NO;
				CLANG_ANALYZER_NONNULL = YES;
				CLANG_ANALYZER_NUMBER_OBJECT_CONVERSION = YES_AGGRESSIVE;
				CLANG_CXX_LANGUAGE_STANDARD = "gnu++14";
				CLANG_CXX_LIBRARY = "libc++";
				CLANG_ENABLE_MODULES = YES;
				CLANG_ENABLE_OBJC_ARC = YES;
				CLANG_WARN_BLOCK_CAPTURE_AUTORELEASING = YES;
				CLANG_WARN_BOOL_CONVERSION = YES;
				CLANG_WARN_COMMA = YES;
				CLANG_WARN_CONSTANT_CONVERSION = YES;
				CLANG_WARN_DIRECT_OBJC_ISA_USAGE = YES_ERROR;
				CLANG_WARN_DOCUMENTATION_COMMENTS = YES;
				CLANG_WARN_EMPTY_BODY = YES;
				CLANG_WARN_ENUM_CONVERSION = YES;
				CLANG_WARN_INFINITE_RECURSION = YES;
				CLANG_WARN_INT_CONVERSION = YES;
				CLANG_WARN_NON_LITERAL_NULL_CONVERSION = YES;
				CLANG_WARN_OBJC_LITERAL_CONVERSION = YES;
				CLANG_WARN_OBJC_ROOT_CLASS = YES_ERROR;
				CLANG_WARN_RANGE_LOOP_ANALYSIS = YES;
				CLANG_WARN_STRICT_PROTOTYPES = YES;
				CLANG_WARN_SUSPICIOUS_MOVE = YES;
				CLANG_WARN_UNGUARDED_AVAILABILITY = YES_AGGRESSIVE;
				CLANG_WARN_UNREACHABLE_CODE = YES;
				CLANG_WARN__DUPLICATE_METHOD_MATCH = YES;
				CODE_SIGN_IDENTITY = "iPhone Developer";
				COPY_PHASE_STRIP = NO;
				DEBUG_INFORMATION_FORMAT = dwarf;
				ENABLE_STRICT_OBJC_MSGSEND = YES;
				ENABLE_TESTABILITY = YES;
				GCC_C_LANGUAGE_STANDARD = gnu11;
				GCC_DYNAMIC_NO_PIC = NO;
				GCC_NO_COMMON_BLOCKS = YES;
				GCC_OPTIMIZATION_LEVEL = 0;
				GCC_PREPROCESSOR_DEFINITIONS = (
					"DEBUG=1",
					"$(inherited)",
				);
				GCC_WARN_64_TO_32_BIT_CONVERSION = YES;
				GCC_WARN_ABOUT_RETURN_TYPE = YES_ERROR;
				GCC_WARN_UNDECLARED_SELECTOR = YES;
				GCC_WARN_UNINITIALIZED_AUTOS = YES_AGGRESSIVE;
				GCC_WARN_UNUSED_FUNCTION = YES;
				GCC_WARN_UNUSED_VARIABLE = YES;
				IPHONEOS_DEPLOYMENT_TARGET = 11.2;
				MTL_ENABLE_DEBUG_INFO = YES;
				ONLY_ACTIVE_ARCH = YES;
				SDKROOT = iphoneos;
			};
			name = Debug;
		};
		DED9AE931FFE069200E890EC /* Release */ = {
			isa = XCBuildConfiguration;
			buildSettings = {
				ALWAYS_SEARCH_USER_PATHS = NO;
				CLANG_ANALYZER_NONNULL = YES;
				CLANG_ANALYZER_NUMBER_OBJECT_CONVERSION = YES_AGGRESSIVE;
				CLANG_CXX_LANGUAGE_STANDARD = "gnu++14";
				CLANG_CXX_LIBRARY = "libc++";
				CLANG_ENABLE_MODULES = YES;
				CLANG_ENABLE_OBJC_ARC = YES;
				CLANG_WARN_BLOCK_CAPTURE_AUTORELEASING = YES;
				CLANG_WARN_BOOL_CONVERSION = YES;
				CLANG_WARN_COMMA = YES;
				CLANG_WARN_CONSTANT_CONVERSION = YES;
				CLANG_WARN_DIRECT_OBJC_ISA_USAGE = YES_ERROR;
				CLANG_WARN_DOCUMENTATION_COMMENTS = YES;
				CLANG_WARN_EMPTY_BODY = YES;
				CLANG_WARN_ENUM_CONVERSION = YES;
				CLANG_WARN_INFINITE_RECURSION = YES;
				CLANG_WARN_INT_CONVERSION = YES;
				CLANG_WARN_NON_LITERAL_NULL_CONVERSION = YES;
				CLANG_WARN_OBJC_LITERAL_CONVERSION = YES;
				CLANG_WARN_OBJC_ROOT_CLASS = YES_ERROR;
				CLANG_WARN_RANGE_LOOP_ANALYSIS = YES;
				CLANG_WARN_STRICT_PROTOTYPES = YES;
				CLANG_WARN_SUSPICIOUS_MOVE = YES;
				CLANG_WARN_UNGUARDED_AVAILABILITY = YES_AGGRESSIVE;
				CLANG_WARN_UNREACHABLE_CODE = YES;
				CLANG_WARN__DUPLICATE_METHOD_MATCH = YES;
				CODE_SIGN_IDENTITY = "iPhone Developer";
				COPY_PHASE_STRIP = NO;
				DEBUG_INFORMATION_FORMAT = "dwarf-with-dsym";
				ENABLE_NS_ASSERTIONS = NO;
				ENABLE_STRICT_OBJC_MSGSEND = YES;
				GCC_C_LANGUAGE_STANDARD = gnu11;
				GCC_NO_COMMON_BLOCKS = YES;
				GCC_WARN_64_TO_32_BIT_CONVERSION = YES;
				GCC_WARN_ABOUT_RETURN_TYPE = YES_ERROR;
				GCC_WARN_UNDECLARED_SELECTOR = YES;
				GCC_WARN_UNINITIALIZED_AUTOS = YES_AGGRESSIVE;
				GCC_WARN_UNUSED_FUNCTION = YES;
				GCC_WARN_UNUSED_VARIABLE = YES;
				IPHONEOS_DEPLOYMENT_TARGET = 11.2;
				MTL_ENABLE_DEBUG_INFO = NO;
				SDKROOT = iphoneos;
				VALIDATE_PRODUCT = YES;
			};
			name = Release;
		};
		DED9AE951FFE069200E890EC /* Debug */ = {
			isa = XCBuildConfiguration;
			baseConfigurationReference = 71B775ECAD515E20869BCF22 /* Pods-AutoLayoutCell.debug.xcconfig */;
			buildSettings = {
				ASSETCATALOG_COMPILER_APPICON_NAME = AppIcon;
				CODE_SIGN_STYLE = Automatic;
				DEVELOPMENT_TEAM = 5V8M4GB9Q3;
				INFOPLIST_FILE = AutoLayoutCell/Info.plist;
				LD_RUNPATH_SEARCH_PATHS = "$(inherited) @executable_path/Frameworks";
				PRODUCT_BUNDLE_IDENTIFIER = topkid.AutoLayoutCell;
				PRODUCT_NAME = "$(TARGET_NAME)";
				TARGETED_DEVICE_FAMILY = "1,2";
			};
			name = Debug;
		};
		DED9AE961FFE069200E890EC /* Release */ = {
			isa = XCBuildConfiguration;
			baseConfigurationReference = 90537BF3652965FB7F1C3BF0 /* Pods-AutoLayoutCell.release.xcconfig */;
			buildSettings = {
				ASSETCATALOG_COMPILER_APPICON_NAME = AppIcon;
				CODE_SIGN_STYLE = Automatic;
				DEVELOPMENT_TEAM = 5V8M4GB9Q3;
				INFOPLIST_FILE = AutoLayoutCell/Info.plist;
				LD_RUNPATH_SEARCH_PATHS = "$(inherited) @executable_path/Frameworks";
				PRODUCT_BUNDLE_IDENTIFIER = topkid.AutoLayoutCell;
				PRODUCT_NAME = "$(TARGET_NAME)";
				TARGETED_DEVICE_FAMILY = "1,2";
			};
			name = Release;
		};
/* End XCBuildConfiguration section */

/* Begin XCConfigurationList section */
		DED9AE791FFE069200E890EC /* Build configuration list for PBXProject "AutoLayoutCell" */ = {
			isa = XCConfigurationList;
			buildConfigurations = (
				DED9AE921FFE069200E890EC /* Debug */,
				DED9AE931FFE069200E890EC /* Release */,
			);
			defaultConfigurationIsVisible = 0;
			defaultConfigurationName = Release;
		};
		DED9AE941FFE069200E890EC /* Build configuration list for PBXNativeTarget "AutoLayoutCell" */ = {
			isa = XCConfigurationList;
			buildConfigurations = (
				DED9AE951FFE069200E890EC /* Debug */,
				DED9AE961FFE069200E890EC /* Release */,
			);
			defaultConfigurationIsVisible = 0;
			defaultConfigurationName = Release;
		};
/* End XCConfigurationList section */
	};
	rootObject = DED9AE761FFE069200E890EC /* Project object */;
}
